hash: cc2af9d664bb852b6f26b2b1db17a7a0d3706c8d581c6039457ac901cb7d04ac
updated: 2018-10-26T10:45:23.034036+02:00
imports:
- name: github.com/beorn7/perks
  version: 3a771d992973f24aa725d07868b467d1ddfceafb
  subpackages:
  - quantile
- name: github.com/ghodss/yaml
  version: c7ce16629ff4cd059ed96ed06419dd3856fd3577
- name: github.com/gobwas/glob
  version: 5ccd90ef52e1e632236f7326478d4faa74f99438
  subpackages:
  - compiler
  - match
  - syntax
  - syntax/ast
  - syntax/lexer
  - util/runes
  - util/strings
- name: github.com/golang/lint
  version: 1baf3a9d7d675b3c7e974b7a00ded54b88a88379
- name: github.com/golang/protobuf
  version: d3de96c4c28ef8af3aa1a892fc481e0f103c01ff
  subpackages:
  - proto
- name: github.com/gorilla/context
  version: 51ce91d2eaddeca0ef29a71d766bb3634dadf729
- name: github.com/gorilla/mux
  version: 521ea7b17d02faf8d3afea6737573942ceac59c5
- name: github.com/inconshreveable/mousetrap
  version: 76626ae9c91c4f2a10f34cad8ce83ea42c93bb75
- name: github.com/mattn/go-runewidth
  version: b20a3daf6a39840c202fd42cc23d53607162b045
- name: github.com/matttproud/golang_protobuf_extensions
  version: c12348ce28de40eed0136aa2b644d0ee0650e56c
  subpackages:
  - pbutil
- name: github.com/mna/pigeon
  version: bb0192cfc2ae6ff30b9726618594b42ef2562da5
- name: github.com/olekukonko/tablewriter
  version: e6d60cf7ba1f42d86d54cdf5508611c4aafb3970
- name: github.com/OneOfOne/xxhash
  version: 74ace4fe5525ef62ce28d5093d6b0faaa6a575f3
- name: github.com/peterh/liner
  version: bf27d3ba8e1d9899d45a457ffac16c953eb2d647
- name: github.com/pkg/errors
  version: 059132a15dd08d6704c67711dae0cf35ab991756
- name: github.com/prometheus/client_golang
  version: f30f428035633da15d00d3dfefb0128c5e569ef4
  subpackages:
  - prometheus
  - prometheus/internal
  - prometheus/promhttp
- name: github.com/prometheus/client_model
  version: 5c3871d89910bfb32f5fcab2aa4b9ec68e65a99f
  subpackages:
  - go
- name: github.com/prometheus/common
  version: 7e9e6cabbd393fc208072eedef99188d0ce788b6
  subpackages:
  - expfmt
  - internal/bitbucket.org/ww/goautoneg
  - model
- name: github.com/prometheus/procfs
  version: 185b4288413d2a0dd0806f78c90dde719829e5ae
  subpackages:
  - internal/util
  - nfs
  - xfs
- name: github.com/rcrowley/go-metrics
  version: 3113b8401b8a98917cde58f8bbd42a1b1c03b1fd
- name: github.com/sirupsen/logrus
  version: f006c2ac4710855cf0f916dd6b77acf6b048dc6e
- name: github.com/spf13/cobra
  version: fe5e611709b0c57fa4a89136deaa8e1d4004d053
- name: github.com/spf13/pflag
  version: 082b515c9490f4eccc758469c3152b77d139f868
- name: github.com/yashtewari/glob-intersection
  version: 5c77d914dd0ba7bedca923f97232d37137e038f3
- name: golang.org/x/crypto
  version: e84da0312774c21d64ee2317962ef669b27ffb41
  subpackages:
  - ssh/terminal
- name: golang.org/x/lint
  version: 1baf3a9d7d675b3c7e974b7a00ded54b88a88379
  subpackages:
  - golint
- name: golang.org/x/sys
  version: 731415f00dce967a133e841b3079eda31c996761
  subpackages:
  - unix
  - windows
- name: golang.org/x/tools
  version: a2dc47679d30b6c496245bafc6a166b46c5fe318
  subpackages:
  - cmd/goimports
- name: gopkg.in/fsnotify.v1
  version: c2828203cd70a50dcccfb2761f8b1f8ceef9a8e9
- name: gopkg.in/yaml.v2
  version: 5420a8b6744d3b0345ab293f6fcba19c978f1183
testImports: []
